
Microsoft Visual Studio Solution File, Format Version 12.00
# Visual Studio Version 17
VisualStudioVersion = 17.7.34202.233
MinimumVisualStudioVersion = 10.0.40219.1
Project("{9A19103F-16F7-4668-BE54-9A1E7A4F7556}") = "ProgrammingPro.Server", "Server\ProgrammingPro.Server.csproj", "{87EB565B-8AF5-4350-95F3-38CF8A27A7BE}"
EndProject
Project("{9A19103F-16F7-4668-BE54-9A1E7A4F7556}") = "ProgrammingPro.Client", "Client\ProgrammingPro.Client.csproj", "{4E926FAC-A29D-47CB-AFBE-B11BBC583663}"
EndProject
Project("{9A19103F-16F7-4668-BE54-9A1E7A4F7556}") = "ProgrammingPro.Shared", "Shared\ProgrammingPro.Shared.csproj", "{F09DCDEA-086D-4EF9-9DB5-D373B1C1165C}"
EndProject
Global
	GlobalSection(SolutionConfigurationPlatforms) = preSolution
		Debug|Any CPU = Debug|Any CPU
		Release|Any CPU = Release|Any CPU
	EndGlobalSection
	GlobalSection(ProjectConfigurationPlatforms) = postSolution
		{87EB565B-8AF5-4350-95F3-38CF8A27A7BE}.Debug|Any CPU.ActiveCfg = Debug|Any CPU
		{87EB565B-8AF5-4350-95F3-38CF8A27A7BE}.Debug|Any CPU.Build.0 = Debug|Any CPU
		{87EB565B-8AF5-4350-95F3-38CF8A27A7BE}.Release|Any CPU.ActiveCfg = Release|Any CPU
		{87EB565B-8AF5-4350-95F3-38CF8A27A7BE}.Release|Any CPU.Build.0 = Release|Any CPU
		{4E926FAC-A29D-47CB-AFBE-B11BBC583663}.Debug|Any CPU.ActiveCfg = Debug|Any CPU
		{4E926FAC-A29D-47CB-AFBE-B11BBC583663}.Debug|Any CPU.Build.0 = Debug|Any CPU
		{4E926FAC-A29D-47CB-AFBE-B11BBC583663}.Release|Any CPU.ActiveCfg = Release|Any CPU
		{4E926FAC-A29D-47CB-AFBE-B11BBC583663}.Release|Any CPU.Build.0 = Release|Any CPU
		{F09DCDEA-086D-4EF9-9DB5-D373B1C1165C}.Debug|Any CPU.ActiveCfg = Debug|Any CPU
		{F09DCDEA-086D-4EF9-9DB5-D373B1C1165C}.Debug|Any CPU.Build.0 = Debug|Any CPU
		{F09DCDEA-086D-4EF9-9DB5-D373B1C1165C}.Release|Any CPU.ActiveCfg = Release|Any CPU
		{F09DCDEA-086D-4EF9-9DB5-D373B1C1165C}.Release|Any CPU.Build.0 = Release|Any CPU
	EndGlobalSection
	GlobalSection(SolutionProperties) = preSolution
		HideSolutionNode = FALSE
	EndGlobalSection
	GlobalSection(ExtensibilityGlobals) = postSolution
		SolutionGuid = {233AA1A5-10DD-4873-9780-00DA52031CFC}
	EndGlobalSection
EndGlobal
